
Microsoft Visual Studio Solution File, Format Version 12.00
# Visual Studio Version 17
VisualStudioVersion = 17.11.35303.130
MinimumVisualStudioVersion = 10.0.40219.1
Project("{FAE04EC0-301F-11D3-BF4B-00C04F79EFBC}") = "EmployeeAdminPortal", "EmployeeAdminPortal\EmployeeAdminPortal.csproj", "{A71D9299-F850-481A-8311-8AEB0470A9DB}"
EndProject
Global
	GlobalSection(SolutionConfigurationPlatforms) = preSolution
		Debug|Any CPU = Debug|Any CPU
		Release|Any CPU = Release|Any CPU
	EndGlobalSection
	GlobalSection(ProjectConfigurationPlatforms) = postSolution
		{A71D9299-F850-481A-8311-8AEB0470A9DB}.Debug|Any CPU.ActiveCfg = Debug|Any CPU
		{A71D9299-F850-481A-8311-8AEB0470A9DB}.Debug|Any CPU.Build.0 = Debug|Any CPU
		{A71D9299-F850-481A-8311-8AEB0470A9DB}.Release|Any CPU.ActiveCfg = Release|Any CPU
		{A71D9299-F850-481A-8311-8AEB0470A9DB}.Release|Any CPU.Build.0 = Release|Any CPU
	EndGlobalSection
	GlobalSection(SolutionProperties) = preSolution
		HideSolutionNode = FALSE
	EndGlobalSection
	GlobalSection(ExtensibilityGlobals) = postSolution
		SolutionGuid = {1E42CCCA-D2C1-4F34-84B9-886F3D167F93}
	EndGlobalSection
EndGlobal
